
Microsoft Visual Studio Solution File, Format Version 12.00
# Visual Studio Version 17
VisualStudioVersion = 17.8.34525.116
MinimumVisualStudioVersion = 10.0.40219.1
Project("{9A19103F-16F7-4668-BE54-9A1E7A4F7556}") = "ERP_System", "ERP_System\ERP_System.csproj", "{22CF8D64-0C19-4445-91E7-1FBD4A6E497A}"
EndProject
Global
	GlobalSection(SolutionConfigurationPlatforms) = preSolution
		Debug|Any CPU = Debug|Any CPU
		Release|Any CPU = Release|Any CPU
	EndGlobalSection
	GlobalSection(ProjectConfigurationPlatforms) = postSolution
		{22CF8D64-0C19-4445-91E7-1FBD4A6E497A}.Debug|Any CPU.ActiveCfg = Debug|Any CPU
		{22CF8D64-0C19-4445-91E7-1FBD4A6E497A}.Debug|Any CPU.Build.0 = Debug|Any CPU
		{22CF8D64-0C19-4445-91E7-1FBD4A6E497A}.Release|Any CPU.ActiveCfg = Release|Any CPU
		{22CF8D64-0C19-4445-91E7-1FBD4A6E497A}.Release|Any CPU.Build.0 = Release|Any CPU
	EndGlobalSection
	GlobalSection(SolutionProperties) = preSolution
		HideSolutionNode = FALSE
	EndGlobalSection
	GlobalSection(ExtensibilityGlobals) = postSolution
		SolutionGuid = {CA81EC81-7772-4533-A312-21BFB82EDFC0}
	EndGlobalSection
EndGlobal
